
Microsoft Visual Studio Solution File, Format Version 12.00
# Visual Studio Version 17
VisualStudioVersion = 17.0.31903.59
MinimumVisualStudioVersion = 10.0.40219.1
Project("{2150E333-8FDC-42A3-9474-1A3956D46DE8}") = "projects", "projects", "{4DA07C9A-6949-41AE-8B3C-A673C091CE30}"
EndProject
Project("{2150E333-8FDC-42A3-9474-1A3956D46DE8}") = "shared", "shared", "{68147468-5016-4BBA-AAE0-CCC085F9CA56}"
EndProject
Project("{FAE04EC0-301F-11D3-BF4B-00C04F79EFBC}") = "SemanticPoker.Shared", "projects\shared\src\SemanticPoker.Shared.csproj", "{CCAE2E87-3C78-45F7-B5E1-73F67EB3585B}"
EndProject
Project("{2150E333-8FDC-42A3-9474-1A3956D46DE8}") = "game-engine", "game-engine", "{859569F2-CA2A-4D4E-8D8A-69D988FCCF2B}"
EndProject
Project("{FAE04EC0-301F-11D3-BF4B-00C04F79EFBC}") = "SemanticPoker.GameEngine", "projects\game-engine\src\SemanticPoker.GameEngine.csproj", "{779DB98A-D856-4EA5-AEFA-3266B274DADF}"
EndProject
Project("{2150E333-8FDC-42A3-9474-1A3956D46DE8}") = "orchestrator", "orchestrator", "{61751A46-60EA-42A4-9FB1-BE42C18C5D86}"
EndProject
Project("{FAE04EC0-301F-11D3-BF4B-00C04F79EFBC}") = "SemanticPoker.Api", "projects\orchestrator\src\SemanticPoker.Api.csproj", "{03360E62-B0DD-43D7-91A1-45DBC37494EE}"
EndProject
Project("{2150E333-8FDC-42A3-9474-1A3956D46DE8}") = "webui", "webui", "{60C07DDC-4B9F-4BFA-94C9-ECAD6B654187}"
EndProject
Project("{FAE04EC0-301F-11D3-BF4B-00C04F79EFBC}") = "SemanticPoker.WebUI", "projects\webui\src\SemanticPoker.WebUI.csproj", "{7DCD81B1-2D37-4EC2-9202-473C75D6106D}"
EndProject
Project("{FAE04EC0-301F-11D3-BF4B-00C04F79EFBC}") = "SemanticPoker.Shared.Tests", "projects\shared\tests\SemanticPoker.Shared.Tests.csproj", "{C428ED7D-3DD3-4DCA-B349-E272E39D933D}"
EndProject
Project("{FAE04EC0-301F-11D3-BF4B-00C04F79EFBC}") = "SemanticPoker.GameEngine.Tests", "projects\game-engine\tests\SemanticPoker.GameEngine.Tests.csproj", "{4924BC58-6831-476C-B63E-1234D9F3C1EE}"
EndProject
Project("{FAE04EC0-301F-11D3-BF4B-00C04F79EFBC}") = "SemanticPoker.Api.Tests", "projects\orchestrator\tests\SemanticPoker.Api.Tests.csproj", "{5192E4C4-687F-4F96-A285-3F35954162C9}"
EndProject
Project("{FAE04EC0-301F-11D3-BF4B-00C04F79EFBC}") = "SemanticPoker.WebUI.Tests", "projects\webui\tests\SemanticPoker.WebUI.Tests.csproj", "{DB4A01CB-A264-41E0-93CE-3E57B85C733D}"
EndProject
Project("{FAE04EC0-301F-11D3-BF4B-00C04F79EFBC}") = "SemanticPoker.E2E.Tests", "tests\SemanticPoker.E2E.Tests.csproj", "{8960CCD5-8858-4FA5-B310-22D1CC86292D}"
EndProject
Global
	GlobalSection(SolutionConfigurationPlatforms) = preSolution
		Debug|Any CPU = Debug|Any CPU
		Release|Any CPU = Release|Any CPU
	EndGlobalSection
	GlobalSection(SolutionProperties) = preSolution
		HideSolutionNode = FALSE
	EndGlobalSection
	GlobalSection(ProjectConfigurationPlatforms) = postSolution
		{CCAE2E87-3C78-45F7-B5E1-73F67EB3585B}.Debug|Any CPU.ActiveCfg = Debug|Any CPU
		{CCAE2E87-3C78-45F7-B5E1-73F67EB3585B}.Debug|Any CPU.Build.0 = Debug|Any CPU
		{CCAE2E87-3C78-45F7-B5E1-73F67EB3585B}.Release|Any CPU.ActiveCfg = Release|Any CPU
		{CCAE2E87-3C78-45F7-B5E1-73F67EB3585B}.Release|Any CPU.Build.0 = Release|Any CPU
		{779DB98A-D856-4EA5-AEFA-3266B274DADF}.Debug|Any CPU.ActiveCfg = Debug|Any CPU
		{779DB98A-D856-4EA5-AEFA-3266B274DADF}.Debug|Any CPU.Build.0 = Debug|Any CPU
		{779DB98A-D856-4EA5-AEFA-3266B274DADF}.Release|Any CPU.ActiveCfg = Release|Any CPU
		{779DB98A-D856-4EA5-AEFA-3266B274DADF}.Release|Any CPU.Build.0 = Release|Any CPU
		{03360E62-B0DD-43D7-91A1-45DBC37494EE}.Debug|Any CPU.ActiveCfg = Debug|Any CPU
		{03360E62-B0DD-43D7-91A1-45DBC37494EE}.Debug|Any CPU.Build.0 = Debug|Any CPU
		{03360E62-B0DD-43D7-91A1-45DBC37494EE}.Release|Any CPU.ActiveCfg = Release|Any CPU
		{03360E62-B0DD-43D7-91A1-45DBC37494EE}.Release|Any CPU.Build.0 = Release|Any CPU
		{7DCD81B1-2D37-4EC2-9202-473C75D6106D}.Debug|Any CPU.ActiveCfg = Debug|Any CPU
		{7DCD81B1-2D37-4EC2-9202-473C75D6106D}.Debug|Any CPU.Build.0 = Debug|Any CPU
		{7DCD81B1-2D37-4EC2-9202-473C75D6106D}.Release|Any CPU.ActiveCfg = Release|Any CPU
		{7DCD81B1-2D37-4EC2-9202-473C75D6106D}.Release|Any CPU.Build.0 = Release|Any CPU
		{C428ED7D-3DD3-4DCA-B349-E272E39D933D}.Debug|Any CPU.ActiveCfg = Debug|Any CPU
		{C428ED7D-3DD3-4DCA-B349-E272E39D933D}.Debug|Any CPU.Build.0 = Debug|Any CPU
		{C428ED7D-3DD3-4DCA-B349-E272E39D933D}.Release|Any CPU.ActiveCfg = Release|Any CPU
		{C428ED7D-3DD3-4DCA-B349-E272E39D933D}.Release|Any CPU.Build.0 = Release|Any CPU
		{4924BC58-6831-476C-B63E-1234D9F3C1EE}.Debug|Any CPU.ActiveCfg = Debug|Any CPU
		{4924BC58-6831-476C-B63E-1234D9F3C1EE}.Debug|Any CPU.Build.0 = Debug|Any CPU
		{4924BC58-6831-476C-B63E-1234D9F3C1EE}.Release|Any CPU.ActiveCfg = Release|Any CPU
		{4924BC58-6831-476C-B63E-1234D9F3C1EE}.Release|Any CPU.Build.0 = Release|Any CPU
		{5192E4C4-687F-4F96-A285-3F35954162C9}.Debug|Any CPU.ActiveCfg = Debug|Any CPU
		{5192E4C4-687F-4F96-A285-3F35954162C9}.Debug|Any CPU.Build.0 = Debug|Any CPU
		{5192E4C4-687F-4F96-A285-3F35954162C9}.Release|Any CPU.ActiveCfg = Release|Any CPU
		{5192E4C4-687F-4F96-A285-3F35954162C9}.Release|Any CPU.Build.0 = Release|Any CPU
		{DB4A01CB-A264-41E0-93CE-3E57B85C733D}.Debug|Any CPU.ActiveCfg = Debug|Any CPU
		{DB4A01CB-A264-41E0-93CE-3E57B85C733D}.Debug|Any CPU.Build.0 = Debug|Any CPU
		{DB4A01CB-A264-41E0-93CE-3E57B85C733D}.Release|Any CPU.ActiveCfg = Release|Any CPU
		{DB4A01CB-A264-41E0-93CE-3E57B85C733D}.Release|Any CPU.Build.0 = Release|Any CPU
		{8960CCD5-8858-4FA5-B310-22D1CC86292D}.Debug|Any CPU.ActiveCfg = Debug|Any CPU
		{8960CCD5-8858-4FA5-B310-22D1CC86292D}.Debug|Any CPU.Build.0 = Debug|Any CPU
		{8960CCD5-8858-4FA5-B310-22D1CC86292D}.Release|Any CPU.ActiveCfg = Release|Any CPU
		{8960CCD5-8858-4FA5-B310-22D1CC86292D}.Release|Any CPU.Build.0 = Release|Any CPU
	EndGlobalSection
	GlobalSection(NestedProjects) = preSolution
		{68147468-5016-4BBA-AAE0-CCC085F9CA56} = {4DA07C9A-6949-41AE-8B3C-A673C091CE30}
		{CCAE2E87-3C78-45F7-B5E1-73F67EB3585B} = {68147468-5016-4BBA-AAE0-CCC085F9CA56}
		{859569F2-CA2A-4D4E-8D8A-69D988FCCF2B} = {4DA07C9A-6949-41AE-8B3C-A673C091CE30}
		{779DB98A-D856-4EA5-AEFA-3266B274DADF} = {859569F2-CA2A-4D4E-8D8A-69D988FCCF2B}
		{61751A46-60EA-42A4-9FB1-BE42C18C5D86} = {4DA07C9A-6949-41AE-8B3C-A673C091CE30}
		{03360E62-B0DD-43D7-91A1-45DBC37494EE} = {61751A46-60EA-42A4-9FB1-BE42C18C5D86}
		{60C07DDC-4B9F-4BFA-94C9-ECAD6B654187} = {4DA07C9A-6949-41AE-8B3C-A673C091CE30}
		{7DCD81B1-2D37-4EC2-9202-473C75D6106D} = {60C07DDC-4B9F-4BFA-94C9-ECAD6B654187}
		{C428ED7D-3DD3-4DCA-B349-E272E39D933D} = {68147468-5016-4BBA-AAE0-CCC085F9CA56}
		{4924BC58-6831-476C-B63E-1234D9F3C1EE} = {859569F2-CA2A-4D4E-8D8A-69D988FCCF2B}
		{5192E4C4-687F-4F96-A285-3F35954162C9} = {61751A46-60EA-42A4-9FB1-BE42C18C5D86}
		{DB4A01CB-A264-41E0-93CE-3E57B85C733D} = {60C07DDC-4B9F-4BFA-94C9-ECAD6B654187}
	EndGlobalSection
EndGlobal
